
Microsoft Visual Studio Solution File, Format Version 12.00
# Visual Studio 15
VisualStudioVersion = 15.0.28307.136
MinimumVisualStudioVersion = 10.0.40219.1
Project("{8BC9CEB8-8B4A-11D0-8D11-00A0C91BC942}") = "6.36", "6.36\6.36.vcxproj", "{980CCCC6-5682-4F31-BDBA-93F4DD36C9A2}"
EndProject
Global
	GlobalSection(SolutionConfigurationPlatforms) = preSolution
		Debug|x64 = Debug|x64
		Debug|x86 = Debug|x86
		Release|x64 = Release|x64
		Release|x86 = Release|x86
	EndGlobalSection
	GlobalSection(ProjectConfigurationPlatforms) = postSolution
		{980CCCC6-5682-4F31-BDBA-93F4DD36C9A2}.Debug|x64.ActiveCfg = Debug|x64
		{980CCCC6-5682-4F31-BDBA-93F4DD36C9A2}.Debug|x64.Build.0 = Debug|x64
		{980CCCC6-5682-4F31-BDBA-93F4DD36C9A2}.Debug|x86.ActiveCfg = Debug|Win32
		{980CCCC6-5682-4F31-BDBA-93F4DD36C9A2}.Debug|x86.Build.0 = Debug|Win32
		{980CCCC6-5682-4F31-BDBA-93F4DD36C9A2}.Release|x64.ActiveCfg = Release|x64
		{980CCCC6-5682-4F31-BDBA-93F4DD36C9A2}.Release|x64.Build.0 = Release|x64
		{980CCCC6-5682-4F31-BDBA-93F4DD36C9A2}.Release|x86.ActiveCfg = Release|Win32
		{980CCCC6-5682-4F31-BDBA-93F4DD36C9A2}.Release|x86.Build.0 = Release|Win32
	EndGlobalSection
	GlobalSection(SolutionProperties) = preSolution
		HideSolutionNode = FALSE
	EndGlobalSection
	GlobalSection(ExtensibilityGlobals) = postSolution
		SolutionGuid = {A1971AB3-8D71-4F90-874F-1C0E5AB9A37D}
	EndGlobalSection
EndGlobal
